<?xml version="1.0" encoding="utf-8"?>
<Project ToolsVersion="4.0" xmlns="http://schemas.microsoft.com/developer/msbuild/2003">
  <ItemGroup>
    <Filter Include="glew">
      <UniqueIdentifier>{f51cdd79-dee3-42aa-a7b0-83ec6f7c2842}</UniqueIdentifier>
    </Filter>
    <Filter Include="glew\include">
      <UniqueIdentifier>{6d7f59b0-4f0c-48b1-823f-e27ed02b3ed8}</UniqueIdentifier>
    </Filter>
    <Filter Include="glew\source">
      <UniqueIdentifier>{023ec792-e991-496c-a43f-1894647537c8}</UniqueIdentifier>
    </Filter>
    <Filter Include="freeglut">
      <UniqueIdentifier>{7245cc1e-9c75-40da-9dfc-8fcf96ebf5d2}</UniqueIdentifier>
    </Filter>
    <Filter Include="freeglut\include">
      <UniqueIdentifier>{d6de2a57-ed69-4c78-8307-b5bce31215d2}</UniqueIdentifier>
    </Filter>
    <Filter Include="freeglut\source">
      <UniqueIdentifier>{4b20c026-7eb2-469b-bc7a-426bd766126e}</UniqueIdentifier>
    </Filter>
    <Filter Include="cwc">
      <UniqueIdentifier>{c34a8f99-f36b-426b-a99f-f01bc9cfbe8a}</UniqueIdentifier>
    </Filter>
    <Filter Include="cwc\include">
      <UniqueIdentifier>{ae142427-6da1-4aa5-8e04-0f8957f8fd60}</UniqueIdentifier>
    </Filter>
    <Filter Include="cwc\source">
      <UniqueIdentifier>{6570c01b-f0bc-496b-8d09-37fd43abdb2f}</UniqueIdentifier>
    </Filter>
    <Filter Include="include">
      <UniqueIdentifier>{42ed4743-2b8a-44e5-aa10-f1c0db3c0279}</UniqueIdentifier>
    </Filter>
    <Filter Include="src">
      <UniqueIdentifier>{b94382ef-88ab-46bc-a6c8-2a862148842c}</UniqueIdentifier>
    </Filter>
    <Filter Include="vShaders">
      <UniqueIdentifier>{00ba3265-6963-4c4c-a603-98d4e9e01b05}</UniqueIdentifier>
    </Filter>
    <Filter Include="fShaders">
      <UniqueIdentifier>{9f03882b-7583-410f-8dc5-53ba65c3e51d}</UniqueIdentifier>
    </Filter>
  </ItemGroup>
  <ItemGroup>
    <ClInclude Include="glew\include\Gl\glew.h">
      <Filter>glew\include</Filter>
    </ClInclude>
    <ClInclude Include="glew\include\Gl\glxew.h">
      <Filter>glew\include</Filter>
    </ClInclude>
    <ClInclude Include="glew\include\Gl\wglew.h">
      <Filter>glew\include</Filter>
    </ClInclude>
    <ClInclude Include="freeglut\include\Gl\freeglut.h">
      <Filter>freeglut\include</Filter>
    </ClInclude>
    <ClInclude Include="freeglut\include\Gl\freeglut_ext.h">
      <Filter>freeglut\include</Filter>
    </ClInclude>
    <ClInclude Include="freeglut\include\Gl\freeglut_std.h">
      <Filter>freeglut\include</Filter>
    </ClInclude>
    <ClInclude Include="freeglut\include\Gl\glut.h">
      <Filter>freeglut\include</Filter>
    </ClInclude>
    <ClInclude Include="freeglut\source\freeglut_internal.h">
      <Filter>freeglut\source</Filter>
    </ClInclude>
    <ClInclude Include="freeglut\source\freeglut_teapot_data.h">
      <Filter>freeglut\source</Filter>
    </ClInclude>
    <ClInclude Include="cwc\include\glApplication.h">
      <Filter>cwc\include</Filter>
    </ClInclude>
    <ClInclude Include="cwc\include\glutwindow.h">
      <Filter>cwc\include</Filter>
    </ClInclude>
    <ClInclude Include="cwc\include\glWindow.h">
      <Filter>cwc\include</Filter>
    </ClInclude>
    <ClInclude Include="include\myApplication.h">
      <Filter>include</Filter>
    </ClInclude>
    <ClInclude Include="include\myWindow.h">
      <Filter>include</Filter>
    </ClInclude>
  </ItemGroup>
  <ItemGroup>
    <ClCompile Include="glew\source\glew.c">
      <Filter>glew\source</Filter>
    </ClCompile>
    <ClCompile Include="freeglut\source\freeglut_callbacks.c">
      <Filter>freeglut\source</Filter>
    </ClCompile>
    <ClCompile Include="freeglut\source\freeglut_cursor.c">
      <Filter>freeglut\source</Filter>
    </ClCompile>
    <ClCompile Include="freeglut\source\freeglut_display.c">
      <Filter>freeglut\source</Filter>
    </ClCompile>
    <ClCompile Include="freeglut\source\freeglut_ext.c">
      <Filter>freeglut\source</Filter>
    </ClCompile>
    <ClCompile Include="freeglut\source\freeglut_font.c">
      <Filter>freeglut\source</Filter>
    </ClCompile>
    <ClCompile Include="freeglut\source\freeglut_font_data.c">
      <Filter>freeglut\source</Filter>
    </ClCompile>
    <ClCompile Include="freeglut\source\freeglut_gamemode.c">
      <Filter>freeglut\source</Filter>
    </ClCompile>
    <ClCompile Include="freeglut\source\freeglut_geometry.c">
      <Filter>freeglut\source</Filter>
    </ClCompile>
    <ClCompile Include="freeglut\source\freeglut_glutfont_definitions.c">
      <Filter>freeglut\source</Filter>
    </ClCompile>
    <ClCompile Include="freeglut\source\freeglut_init.c">
      <Filter>freeglut\source</Filter>
    </ClCompile>
    <ClCompile Include="freeglut\source\freeglut_joystick.c">
      <Filter>freeglut\source</Filter>
    </ClCompile>
    <ClCompile Include="freeglut\source\freeglut_main.c">
      <Filter>freeglut\source</Filter>
    </ClCompile>
    <ClCompile Include="freeglut\source\freeglut_menu.c">
      <Filter>freeglut\source</Filter>
    </ClCompile>
    <ClCompile Include="freeglut\source\freeglut_misc.c">
      <Filter>freeglut\source</Filter>
    </ClCompile>
    <ClCompile Include="freeglut\source\freeglut_overlay.c">
      <Filter>freeglut\source</Filter>
    </ClCompile>
    <ClCompile Include="freeglut\source\freeglut_state.c">
      <Filter>freeglut\source</Filter>
    </ClCompile>
    <ClCompile Include="freeglut\source\freeglut_stroke_mono_roman.c">
      <Filter>freeglut\source</Filter>
    </ClCompile>
    <ClCompile Include="freeglut\source\freeglut_stroke_roman.c">
      <Filter>freeglut\source</Filter>
    </ClCompile>
    <ClCompile Include="freeglut\source\freeglut_structure.c">
      <Filter>freeglut\source</Filter>
    </ClCompile>
    <ClCompile Include="freeglut\source\freeglut_teapot.c">
      <Filter>freeglut\source</Filter>
    </ClCompile>
    <ClCompile Include="freeglut\source\freeglut_videoresize.c">
      <Filter>freeglut\source</Filter>
    </ClCompile>
    <ClCompile Include="freeglut\source\freeglut_window.c">
      <Filter>freeglut\source</Filter>
    </ClCompile>
    <ClCompile Include="cwc\source\glApplication.cpp">
      <Filter>cwc\source</Filter>
    </ClCompile>
    <ClCompile Include="cwc\source\glutwindow.cpp">
      <Filter>cwc\source</Filter>
    </ClCompile>
    <ClCompile Include="cwc\source\glWindow.cpp">
      <Filter>cwc\source</Filter>
    </ClCompile>
    <ClCompile Include="main.cpp" />
    <ClCompile Include="src\myApplication.cpp">
      <Filter>src</Filter>
    </ClCompile>
    <ClCompile Include="src\myWindow.cpp">
      <Filter>src</Filter>
    </ClCompile>
  </ItemGroup>
  <ItemGroup>
    <None Include="freeglut\source\freeglutdll.def">
      <Filter>freeglut\source</Filter>
    </None>
    <None Include="PassThroughVShader.vert">
      <Filter>vShaders</Filter>
    </None>
    <None Include="BasicFShader.frag">
      <Filter>fShaders</Filter>
    </None>
  </ItemGroup>
</Project>